
Microsoft Visual Studio Solution File, Format Version 12.00
# Visual Studio Version 17
VisualStudioVersion = 17.9.34728.123
MinimumVisualStudioVersion = 10.0.40219.1
Project("{FAE04EC0-301F-11D3-BF4B-00C04F79EFBC}") = "StudentCourseRegistrationAssignment.Web", "StudentCourseRegistrationAssignment.Web\StudentCourseRegistrationAssignment.Web.csproj", "{873D4B45-5503-4D18-B118-D5EB79A0546C}"
EndProject
Project("{FAE04EC0-301F-11D3-BF4B-00C04F79EFBC}") = "StudentCourseRegistrationAssignment.BLL", "StudentCourseRegistrationAssignment.BLL\StudentCourseRegistrationAssignment.BLL.csproj", "{368619D8-36A0-42B1-A0C9-1A92A09D5EE2}"
EndProject
Project("{FAE04EC0-301F-11D3-BF4B-00C04F79EFBC}") = "StudentCourseRegistrationAssignment.DAL", "StudentCourseRegistrationAssignment.DAL\StudentCourseRegistrationAssignment.DAL.csproj", "{DA32DA2E-ADA1-4664-B095-E37A796A6C77}"
EndProject
Global
	GlobalSection(SolutionConfigurationPlatforms) = preSolution
		Debug|Any CPU = Debug|Any CPU
		Release|Any CPU = Release|Any CPU
	EndGlobalSection
	GlobalSection(ProjectConfigurationPlatforms) = postSolution
		{873D4B45-5503-4D18-B118-D5EB79A0546C}.Debug|Any CPU.ActiveCfg = Debug|Any CPU
		{873D4B45-5503-4D18-B118-D5EB79A0546C}.Debug|Any CPU.Build.0 = Debug|Any CPU
		{873D4B45-5503-4D18-B118-D5EB79A0546C}.Release|Any CPU.ActiveCfg = Release|Any CPU
		{873D4B45-5503-4D18-B118-D5EB79A0546C}.Release|Any CPU.Build.0 = Release|Any CPU
		{368619D8-36A0-42B1-A0C9-1A92A09D5EE2}.Debug|Any CPU.ActiveCfg = Debug|Any CPU
		{368619D8-36A0-42B1-A0C9-1A92A09D5EE2}.Debug|Any CPU.Build.0 = Debug|Any CPU
		{368619D8-36A0-42B1-A0C9-1A92A09D5EE2}.Release|Any CPU.ActiveCfg = Release|Any CPU
		{368619D8-36A0-42B1-A0C9-1A92A09D5EE2}.Release|Any CPU.Build.0 = Release|Any CPU
		{DA32DA2E-ADA1-4664-B095-E37A796A6C77}.Debug|Any CPU.ActiveCfg = Debug|Any CPU
		{DA32DA2E-ADA1-4664-B095-E37A796A6C77}.Debug|Any CPU.Build.0 = Debug|Any CPU
		{DA32DA2E-ADA1-4664-B095-E37A796A6C77}.Release|Any CPU.ActiveCfg = Release|Any CPU
		{DA32DA2E-ADA1-4664-B095-E37A796A6C77}.Release|Any CPU.Build.0 = Release|Any CPU
	EndGlobalSection
	GlobalSection(SolutionProperties) = preSolution
		HideSolutionNode = FALSE
	EndGlobalSection
	GlobalSection(ExtensibilityGlobals) = postSolution
		SolutionGuid = {20D2C5BD-1E32-40C3-BACC-E2387C06571C}
	EndGlobalSection
EndGlobal
